
Microsoft Visual Studio Solution File, Format Version 12.00
# Visual Studio Version 17
VisualStudioVersion = 17.8.34511.84
MinimumVisualStudioVersion = 10.0.40219.1
Project("{2150E333-8FDC-42A3-9474-1A3956D46DE8}") = "Solution Items", "Solution Items", "{29EFF129-D181-471B-939B-05374FAEB871}"
	ProjectSection(SolutionItems) = preProject
		.editorconfig = .editorconfig
		Directory.Build.props = Directory.Build.props
		Directory.Build.targets = Directory.Build.targets
		Directory.Packages.props = Directory.Packages.props
		README.md = README.md
	EndProjectSection
EndProject
Project("{2150E333-8FDC-42A3-9474-1A3956D46DE8}") = "Workflows", "Workflows", "{06D963D4-9A0B-4B2B-A3C3-B1A534140FD0}"
	ProjectSection(SolutionItems) = preProject
		.github\dependabot.yml = .github\dependabot.yml
		.github\workflows\release.yml = .github\workflows\release.yml
		.github\workflows\test.yml = .github\workflows\test.yml
	EndProjectSection
EndProject
Project("{2150E333-8FDC-42A3-9474-1A3956D46DE8}") = "Scripts", "Scripts", "{02EA681E-C7D8-13C7-8484-4AC65E1B71E8}"
	ProjectSection(SolutionItems) = preProject
		.github\scripts\Download-ReleaseAssets.ps1 = .github\scripts\Download-ReleaseAssets.ps1
		.github\scripts\Files-OrganizeRelease.ps1 = .github\scripts\Files-OrganizeRelease.ps1
	EndProjectSection
EndProject
Project("{FAE04EC0-301F-11D3-BF4B-00C04F79EFBC}") = "SAL.Interface.TelegramBot", "SAL.Interface.TelegramBot\SAL.Interface.TelegramBot.csproj", "{9655FD25-B0DC-8B24-E9D0-F766CBBD8B91}"
EndProject
Global
	GlobalSection(SolutionConfigurationPlatforms) = preSolution
		Debug (Dialog)|Any CPU = Debug (Dialog)|Any CPU
		Debug|Any CPU = Debug|Any CPU
		Release|Any CPU = Release|Any CPU
	EndGlobalSection
	GlobalSection(ProjectConfigurationPlatforms) = postSolution
		{9655FD25-B0DC-8B24-E9D0-F766CBBD8B91}.Debug (Dialog)|Any CPU.ActiveCfg = Debug|Any CPU
		{9655FD25-B0DC-8B24-E9D0-F766CBBD8B91}.Debug (Dialog)|Any CPU.Build.0 = Debug|Any CPU
		{9655FD25-B0DC-8B24-E9D0-F766CBBD8B91}.Debug|Any CPU.ActiveCfg = Debug|Any CPU
		{9655FD25-B0DC-8B24-E9D0-F766CBBD8B91}.Debug|Any CPU.Build.0 = Debug|Any CPU
		{9655FD25-B0DC-8B24-E9D0-F766CBBD8B91}.Release|Any CPU.ActiveCfg = Release|Any CPU
		{9655FD25-B0DC-8B24-E9D0-F766CBBD8B91}.Release|Any CPU.Build.0 = Release|Any CPU
	EndGlobalSection
	GlobalSection(SolutionProperties) = preSolution
		HideSolutionNode = FALSE
	EndGlobalSection
	GlobalSection(NestedProjects) = preSolution
		{06D963D4-9A0B-4B2B-A3C3-B1A534140FD0} = {29EFF129-D181-471B-939B-05374FAEB871}
		{02EA681E-C7D8-13C7-8484-4AC65E1B71E8} = {29EFF129-D181-471B-939B-05374FAEB871}
	EndGlobalSection
	GlobalSection(ExtensibilityGlobals) = postSolution
		SolutionGuid = {BA4632CB-F2AC-4E96-82A0-59488827569D}
	EndGlobalSection
EndGlobal
